
Microsoft Visual Studio Solution File, Format Version 12.00
# Visual Studio Version 17
VisualStudioVersion = 17.13.35818.85 d17.13
MinimumVisualStudioVersion = 10.0.40219.1
Project("{FAE04EC0-301F-11D3-BF4B-00C04F79EFBC}") = "SeleniumPom_v1", "SeleniumPom_v1.csproj", "{DD17B1BC-6F46-4CD9-A3E6-B994FA81AC5E}"
EndProject
Global
	GlobalSection(SolutionConfigurationPlatforms) = preSolution
		Debug|Any CPU = Debug|Any CPU
		Release|Any CPU = Release|Any CPU
	EndGlobalSection
	GlobalSection(ProjectConfigurationPlatforms) = postSolution
		{DD17B1BC-6F46-4CD9-A3E6-B994FA81AC5E}.Debug|Any CPU.ActiveCfg = Debug|Any CPU
		{DD17B1BC-6F46-4CD9-A3E6-B994FA81AC5E}.Debug|Any CPU.Build.0 = Debug|Any CPU
		{DD17B1BC-6F46-4CD9-A3E6-B994FA81AC5E}.Release|Any CPU.ActiveCfg = Release|Any CPU
		{DD17B1BC-6F46-4CD9-A3E6-B994FA81AC5E}.Release|Any CPU.Build.0 = Release|Any CPU
	EndGlobalSection
	GlobalSection(SolutionProperties) = preSolution
		HideSolutionNode = FALSE
	EndGlobalSection
	GlobalSection(ExtensibilityGlobals) = postSolution
		SolutionGuid = {0FD9D47E-F80E-4FEC-A754-496FD8CACEA0}
	EndGlobalSection
EndGlobal
